// !$*UTF8*$!
{
	archiveVersion = 1;
	classes = {
	};
	objectVersion = 55;
	objects = {

/* Begin PBXBuildFile section */
		62FF2AAE64A637FB8EBD9AD3 /* Pods_walletAppUIKit.framework in Frameworks */ = {isa = PBXBuildFile; fileRef = 2DBB34D56E1FC51AEC05098F /* Pods_walletAppUIKit.framework */; };
		BD86F59328074D0B0009FC29 /* AppDelegate.swift in Sources */ = {isa = PBXBuildFile; fileRef = BD86F59228074D0B0009FC29 /* AppDelegate.swift */; };
		BD86F59528074D0B0009FC29 /* SceneDelegate.swift in Sources */ = {isa = PBXBuildFile; fileRef = BD86F59428074D0B0009FC29 /* SceneDelegate.swift */; };
		BD86F59728074D0B0009FC29 /* ViewController.swift in Sources */ = {isa = PBXBuildFile; fileRef = BD86F59628074D0B0009FC29 /* ViewController.swift */; };
		BD86F59A28074D0B0009FC29 /* Main.storyboard in Resources */ = {isa = PBXBuildFile; fileRef = BD86F59828074D0B0009FC29 /* Main.storyboard */; };
		BD86F59C28074D0C0009FC29 /* Assets.xcassets in Resources */ = {isa = PBXBuildFile; fileRef = BD86F59B28074D0C0009FC29 /* Assets.xcassets */; };
		BD86F59F28074D0C0009FC29 /* LaunchScreen.storyboard in Resources */ = {isa = PBXBuildFile; fileRef = BD86F59D28074D0C0009FC29 /* LaunchScreen.storyboard */; };
		BD86F5A728074D360009FC29 /* CardView.swift in Sources */ = {isa = PBXBuildFile; fileRef = BD86F5A628074D360009FC29 /* CardView.swift */; };
		BD86F5A928074F9D0009FC29 /* Extensions.swift in Sources */ = {isa = PBXBuildFile; fileRef = BD86F5A828074F9D0009FC29 /* Extensions.swift */; };
/* End PBXBuildFile section */

/* Begin PBXFileReference section */
		0308076B49A259C76CD45F5F /* Pods-walletAppUIKit.release.xcconfig */ = {isa = PBXFileReference; includeInIndex = 1; lastKnownFileType = text.xcconfig; name = "Pods-walletAppUIKit.release.xcconfig"; path = "Target Support Files/Pods-walletAppUIKit/Pods-walletAppUIKit.release.xcconfig"; sourceTree = "<group>"; };
		2DBB34D56E1FC51AEC05098F /* Pods_walletAppUIKit.framework */ = {isa = PBXFileReference; explicitFileType = wrapper.framework; includeInIndex = 0; path = Pods_walletAppUIKit.framework; sourceTree = BUILT_PRODUCTS_DIR; };
		45C69A75E4D00F2F178466D3 /* Pods-walletAppUIKit.debug.xcconfig */ = {isa = PBXFileReference; includeInIndex = 1; lastKnownFileType = text.xcconfig; name = "Pods-walletAppUIKit.debug.xcconfig"; path = "Target Support Files/Pods-walletAppUIKit/Pods-walletAppUIKit.debug.xcconfig"; sourceTree = "<group>"; };
		BD86F58F28074D0B0009FC29 /* walletAppUIKit.app */ = {isa = PBXFileReference; explicitFileType = wrapper.application; includeInIndex = 0; path = walletAppUIKit.app; sourceTree = BUILT_PRODUCTS_DIR; };
		BD86F59228074D0B0009FC29 /* AppDelegate.swift */ = {isa = PBXFileReference; lastKnownFileType = sourcecode.swift; path = AppDelegate.swift; sourceTree = "<group>"; };
		BD86F59428074D0B0009FC29 /* SceneDelegate.swift */ = {isa = PBXFileReference; lastKnownFileType = sourcecode.swift; path = SceneDelegate.swift; sourceTree = "<group>"; };
		BD86F59628074D0B0009FC29 /* ViewController.swift */ = {isa = PBXFileReference; lastKnownFileType = sourcecode.swift; path = ViewController.swift; sourceTree = "<group>"; };
		BD86F59928074D0B0009FC29 /* Base */ = {isa = PBXFileReference; lastKnownFileType = file.storyboard; name = Base; path = Base.lproj/Main.storyboard; sourceTree = "<group>"; };
		BD86F59B28074D0C0009FC29 /* Assets.xcassets */ = {isa = PBXFileReference; lastKnownFileType = folder.assetcatalog; path = Assets.xcassets; sourceTree = "<group>"; };
		BD86F59E28074D0C0009FC29 /* Base */ = {isa = PBXFileReference; lastKnownFileType = file.storyboard; name = Base; path = Base.lproj/LaunchScreen.storyboard; sourceTree = "<group>"; };
		BD86F5A028074D0C0009FC29 /* Info.plist */ = {isa = PBXFileReference; lastKnownFileType = text.plist.xml; path = Info.plist; sourceTree = "<group>"; };
		BD86F5A628074D360009FC29 /* CardView.swift */ = {isa = PBXFileReference; lastKnownFileType = sourcecode.swift; path = CardView.swift; sourceTree = "<group>"; };
		BD86F5A828074F9D0009FC29 /* Extensions.swift */ = {isa = PBXFileReference; lastKnownFileType = sourcecode.swift; path = Extensions.swift; sourceTree = "<group>"; };
/* End PBXFileReference section */

/* Begin PBXFrameworksBuildPhase section */
		BD86F58C28074D0B0009FC29 /* Frameworks */ = {
			isa = PBXFrameworksBuildPhase;
			buildActionMask = 2147483647;
			files = (
				62FF2AAE64A637FB8EBD9AD3 /* Pods_walletAppUIKit.framework in Frameworks */,
			);
			runOnlyForDeploymentPostprocessing = 0;
		};
/* End PBXFrameworksBuildPhase section */

/* Begin PBXGroup section */
		BD86F58628074D0B0009FC29 = {
			isa = PBXGroup;
			children = (
				BD86F59128074D0B0009FC29 /* walletAppUIKit */,
				BD86F59028074D0B0009FC29 /* Products */,
				FEEACA989C18E5C17A380C27 /* Pods */,
				C48BD484960FBAE3752D7C91 /* Frameworks */,
			);
			sourceTree = "<group>";
		};
		BD86F59028074D0B0009FC29 /* Products */ = {
			isa = PBXGroup;
			children = (
				BD86F58F28074D0B0009FC29 /* walletAppUIKit.app */,
			);
			name = Products;
			sourceTree = "<group>";
		};
		BD86F59128074D0B0009FC29 /* walletAppUIKit */ = {
			isa = PBXGroup;
			children = (
				BD86F59228074D0B0009FC29 /* AppDelegate.swift */,
				BD86F59428074D0B0009FC29 /* SceneDelegate.swift */,
				BD86F59628074D0B0009FC29 /* ViewController.swift */,
				BD86F5A628074D360009FC29 /* CardView.swift */,
				BD86F5A828074F9D0009FC29 /* Extensions.swift */,
				BD86F59828074D0B0009FC29 /* Main.storyboard */,
				BD86F59B28074D0C0009FC29 /* Assets.xcassets */,
				BD86F59D28074D0C0009FC29 /* LaunchScreen.storyboard */,
				BD86F5A028074D0C0009FC29 /* Info.plist */,
			);
			path = walletAppUIKit;
			sourceTree = "<group>";
		};
		C48BD484960FBAE3752D7C91 /* Frameworks */ = {
			isa = PBXGroup;
			children = (
				2DBB34D56E1FC51AEC05098F /* Pods_walletAppUIKit.framework */,
			);
			name = Frameworks;
			sourceTree = "<group>";
		};
		FEEACA989C18E5C17A380C27 /* Pods */ = {
			isa = PBXGroup;
			children = (
				45C69A75E4D00F2F178466D3 /* Pods-walletAppUIKit.debug.xcconfig */,
				0308076B49A259C76CD45F5F /* Pods-walletAppUIKit.release.xcconfig */,
			);
			name = Pods;
			path = Pods;
			sourceTree = "<group>";
		};
/* End PBXGroup section */

/* Begin PBXNativeTarget section */
		BD86F58E28074D0B0009FC29 /* walletAppUIKit */ = {
			isa = PBXNativeTarget;
			buildConfigurationList = BD86F5A328074D0C0009FC29 /* Build configuration list for PBXNativeTarget "walletAppUIKit" */;
			buildPhases = (
				AF7F554C46F9835BB7E6ECE1 /* [CP] Check Pods Manifest.lock */,
				BD86F58B28074D0B0009FC29 /* Sources */,
				BD86F58C28074D0B0009FC29 /* Frameworks */,
				BD86F58D28074D0B0009FC29 /* Resources */,
				E92B5DC65A136C78F0EDA13A /* [CP] Embed Pods Frameworks */,
			);
			buildRules = (
			);
			dependencies = (
			);
			name = walletAppUIKit;
			productName = walletAppUIKit;
			productReference = BD86F58F28074D0B0009FC29 /* walletAppUIKit.app */;
			productType = "com.apple.product-type.application";
		};
/* End PBXNativeTarget section */

/* Begin PBXProject section */
		BD86F58728074D0B0009FC29 /* Project object */ = {
			isa = PBXProject;
			attributes = {
				BuildIndependentTargetsInParallel = 1;
				LastSwiftUpdateCheck = 1330;
				LastUpgradeCheck = 1330;
				TargetAttributes = {
					BD86F58E28074D0B0009FC29 = {
						CreatedOnToolsVersion = 13.3;
					};
				};
			};
			buildConfigurationList = BD86F58A28074D0B0009FC29 /* Build configuration list for PBXProject "walletAppUIKit" */;
			compatibilityVersion = "Xcode 13.0";
			developmentRegion = en;
			hasScannedForEncodings = 0;
			knownRegions = (
				en,
				Base,
			);
			mainGroup = BD86F58628074D0B0009FC29;
			productRefGroup = BD86F59028074D0B0009FC29 /* Products */;
			projectDirPath = "";
			projectRoot = "";
			targets = (
				BD86F58E28074D0B0009FC29 /* walletAppUIKit */,
			);
		};
/* End PBXProject section */

/* Begin PBXResourcesBuildPhase section */
		BD86F58D28074D0B0009FC29 /* Resources */ = {
			isa = PBXResourcesBuildPhase;
			buildActionMask = 2147483647;
			files = (
				BD86F59F28074D0C0009FC29 /* LaunchScreen.storyboard in Resources */,
				BD86F59C28074D0C0009FC29 /* Assets.xcassets in Resources */,
				BD86F59A28074D0B0009FC29 /* Main.storyboard in Resources */,
			);
			runOnlyForDeploymentPostprocessing = 0;
		};
/* End PBXResourcesBuildPhase section */

/* Begin PBXShellScriptBuildPhase section */
		AF7F554C46F9835BB7E6ECE1 /* [CP] Check Pods Manifest.lock */ = {
			isa = PBXShellScriptBuildPhase;
			buildActionMask = 2147483647;
			files = (
			);
			inputFileListPaths = (
			);
			inputPaths = (
				"${PODS_PODFILE_DIR_PATH}/Podfile.lock",
				"${PODS_ROOT}/Manifest.lock",
			);
			name = "[CP] Check Pods Manifest.lock";
			outputFileListPaths = (
			);
			outputPaths = (
				"$(DERIVED_FILE_DIR)/Pods-walletAppUIKit-checkManifestLockResult.txt",
			);
			runOnlyForDeploymentPostprocessing = 0;
			shellPath = /bin/sh;
			shellScript = "diff \"${PODS_PODFILE_DIR_PATH}/Podfile.lock\" \"${PODS_ROOT}/Manifest.lock\" > /dev/null\nif [ $? != 0 ] ; then\n    # print error to STDERR\n    echo \"error: The sandbox is not in sync with the Podfile.lock. Run 'pod install' or update your CocoaPods installation.\" >&2\n    exit 1\nfi\n# This output is used by Xcode 'outputs' to avoid re-running this script phase.\necho \"SUCCESS\" > \"${SCRIPT_OUTPUT_FILE_0}\"\n";
			showEnvVarsInLog = 0;
		};
		E92B5DC65A136C78F0EDA13A /* [CP] Embed Pods Frameworks */ = {
			isa = PBXShellScriptBuildPhase;
			buildActionMask = 2147483647;
			files = (
			);
			inputFileListPaths = (
				"${PODS_ROOT}/Target Support Files/Pods-walletAppUIKit/Pods-walletAppUIKit-frameworks-${CONFIGURATION}-input-files.xcfilelist",
			);
			name = "[CP] Embed Pods Frameworks";
			outputFileListPaths = (
				"${PODS_ROOT}/Target Support Files/Pods-walletAppUIKit/Pods-walletAppUIKit-frameworks-${CONFIGURATION}-output-files.xcfilelist",
			);
			runOnlyForDeploymentPostprocessing = 0;
			shellPath = /bin/sh;
			shellScript = "\"${PODS_ROOT}/Target Support Files/Pods-walletAppUIKit/Pods-walletAppUIKit-frameworks.sh\"\n";
			showEnvVarsInLog = 0;
		};
/* End PBXShellScriptBuildPhase section */

/* Begin PBXSourcesBuildPhase section */
		BD86F58B28074D0B0009FC29 /* Sources */ = {
			isa = PBXSourcesBuildPhase;
			buildActionMask = 2147483647;
			files = (
				BD86F5A928074F9D0009FC29 /* Extensions.swift in Sources */,
				BD86F59728074D0B0009FC29 /* ViewController.swift in Sources */,
				BD86F59328074D0B0009FC29 /* AppDelegate.swift in Sources */,
				BD86F5A728074D360009FC29 /* CardView.swift in Sources */,
				BD86F59528074D0B0009FC29 /* SceneDelegate.swift in Sources */,
			);
			runOnlyForDeploymentPostprocessing = 0;
		};
/* End PBXSourcesBuildPhase section */

/* Begin PBXVariantGroup section */
		BD86F59828074D0B0009FC29 /* Main.storyboard */ = {
			isa = PBXVariantGroup;
			children = (
				BD86F59928074D0B0009FC29 /* Base */,
			);
			name = Main.storyboard;
			sourceTree = "<group>";
		};
		BD86F59D28074D0C0009FC29 /* LaunchScreen.storyboard */ = {
			isa = PBXVariantGroup;
			children = (
				BD86F59E28074D0C0009FC29 /* Base */,
			);
			name = LaunchScreen.storyboard;
			sourceTree = "<group>";
		};
/* End PBXVariantGroup section */

/* Begin XCBuildConfiguration section */
		BD86F5A128074D0C0009FC29 /* Debug */ = {
			isa = XCBuildConfiguration;
			buildSettings = {
				ALWAYS_SEARCH_USER_PATHS = NO;
				CLANG_ANALYZER_NONNULL = YES;
				CLANG_ANALYZER_NUMBER_OBJECT_CONVERSION = YES_AGGRESSIVE;
				CLANG_CXX_LANGUAGE_STANDARD = "gnu++17";
				CLANG_ENABLE_MODULES = YES;
				CLANG_ENABLE_OBJC_ARC = YES;
				CLANG_ENABLE_OBJC_WEAK = YES;
				CLANG_WARN_BLOCK_CAPTURE_AUTORELEASING = YES;
				CLANG_WARN_BOOL_CONVERSION = YES;
				CLANG_WARN_COMMA = YES;
				CLANG_WARN_CONSTANT_CONVERSION = YES;
				CLANG_WARN_DEPRECATED_OBJC_IMPLEMENTATIONS = YES;
				CLANG_WARN_DIRECT_OBJC_ISA_USAGE = YES_ERROR;
				CLANG_WARN_DOCUMENTATION_COMMENTS = YES;
				CLANG_WARN_EMPTY_BODY = YES;
				CLANG_WARN_ENUM_CONVERSION = YES;
				CLANG_WARN_INFINITE_RECURSION = YES;
				CLANG_WARN_INT_CONVERSION = YES;
				CLANG_WARN_NON_LITERAL_NULL_CONVERSION = YES;
				CLANG_WARN_OBJC_IMPLICIT_RETAIN_SELF = YES;
				CLANG_WARN_OBJC_LITERAL_CONVERSION = YES;
				CLANG_WARN_OBJC_ROOT_CLASS = YES_ERROR;
				CLANG_WARN_QUOTED_INCLUDE_IN_FRAMEWORK_HEADER = YES;
				CLANG_WARN_RANGE_LOOP_ANALYSIS = YES;
				CLANG_WARN_STRICT_PROTOTYPES = YES;
				CLANG_WARN_SUSPICIOUS_MOVE = YES;
				CLANG_WARN_UNGUARDED_AVAILABILITY = YES_AGGRESSIVE;
				CLANG_WARN_UNREACHABLE_CODE = YES;
				CLANG_WARN__DUPLICATE_METHOD_MATCH = YES;
				COPY_PHASE_STRIP = NO;
				DEBUG_INFORMATION_FORMAT = dwarf;
				ENABLE_STRICT_OBJC_MSGSEND = YES;
				ENABLE_TESTABILITY = YES;
				GCC_C_LANGUAGE_STANDARD = gnu11;
				GCC_DYNAMIC_NO_PIC = NO;
				GCC_NO_COMMON_BLOCKS = YES;
				GCC_OPTIMIZATION_LEVEL = 0;
				GCC_PREPROCESSOR_DEFINITIONS = (
					"DEBUG=1",
					"$(inherited)",
				);
				GCC_WARN_64_TO_32_BIT_CONVERSION = YES;
				GCC_WARN_ABOUT_RETURN_TYPE = YES_ERROR;
				GCC_WARN_UNDECLARED_SELECTOR = YES;
				GCC_WARN_UNINITIALIZED_AUTOS = YES_AGGRESSIVE;
				GCC_WARN_UNUSED_FUNCTION = YES;
				GCC_WARN_UNUSED_VARIABLE = YES;
				IPHONEOS_DEPLOYMENT_TARGET = 15.4;
				MTL_ENABLE_DEBUG_INFO = INCLUDE_SOURCE;
				MTL_FAST_MATH = YES;
				ONLY_ACTIVE_ARCH = YES;
				SDKROOT = iphoneos;
				SWIFT_ACTIVE_COMPILATION_CONDITIONS = DEBUG;
				SWIFT_OPTIMIZATION_LEVEL = "-Onone";
			};
			name = Debug;
		};
		BD86F5A228074D0C0009FC29 /* Release */ = {
			isa = XCBuildConfiguration;
			buildSettings = {
				ALWAYS_SEARCH_USER_PATHS = NO;
				CLANG_ANALYZER_NONNULL = YES;
				CLANG_ANALYZER_NUMBER_OBJECT_CONVERSION = YES_AGGRESSIVE;
				CLANG_CXX_LANGUAGE_STANDARD = "gnu++17";
				CLANG_ENABLE_MODULES = YES;
				CLANG_ENABLE_OBJC_ARC = YES;
				CLANG_ENABLE_OBJC_WEAK = YES;
				CLANG_WARN_BLOCK_CAPTURE_AUTORELEASING = YES;
				CLANG_WARN_BOOL_CONVERSION = YES;
				CLANG_WARN_COMMA = YES;
				CLANG_WARN_CONSTANT_CONVERSION = YES;
				CLANG_WARN_DEPRECATED_OBJC_IMPLEMENTATIONS = YES;
				CLANG_WARN_DIRECT_OBJC_ISA_USAGE = YES_ERROR;
				CLANG_WARN_DOCUMENTATION_COMMENTS = YES;
				CLANG_WARN_EMPTY_BODY = YES;
				CLANG_WARN_ENUM_CONVERSION = YES;
				CLANG_WARN_INFINITE_RECURSION = YES;
				CLANG_WARN_INT_CONVERSION = YES;
				CLANG_WARN_NON_LITERAL_NULL_CONVERSION = YES;
				CLANG_WARN_OBJC_IMPLICIT_RETAIN_SELF = YES;
				CLANG_WARN_OBJC_LITERAL_CONVERSION = YES;
				CLANG_WARN_OBJC_ROOT_CLASS = YES_ERROR;
				CLANG_WARN_QUOTED_INCLUDE_IN_FRAMEWORK_HEADER = YES;
				CLANG_WARN_RANGE_LOOP_ANALYSIS = YES;
				CLANG_WARN_STRICT_PROTOTYPES = YES;
				CLANG_WARN_SUSPICIOUS_MOVE = YES;
				CLANG_WARN_UNGUARDED_AVAILABILITY = YES_AGGRESSIVE;
				CLANG_WARN_UNREACHABLE_CODE = YES;
				CLANG_WARN__DUPLICATE_METHOD_MATCH = YES;
				COPY_PHASE_STRIP = NO;
				DEBUG_INFORMATION_FORMAT = "dwarf-with-dsym";
				ENABLE_NS_ASSERTIONS = NO;
				ENABLE_STRICT_OBJC_MSGSEND = YES;
				GCC_C_LANGUAGE_STANDARD = gnu11;
				GCC_NO_COMMON_BLOCKS = YES;
				GCC_WARN_64_TO_32_BIT_CONVERSION = YES;
				GCC_WARN_ABOUT_RETURN_TYPE = YES_ERROR;
				GCC_WARN_UNDECLARED_SELECTOR = YES;
				GCC_WARN_UNINITIALIZED_AUTOS = YES_AGGRESSIVE;
				GCC_WARN_UNUSED_FUNCTION = YES;
				GCC_WARN_UNUSED_VARIABLE = YES;
				IPHONEOS_DEPLOYMENT_TARGET = 15.4;
				MTL_ENABLE_DEBUG_INFO = NO;
				MTL_FAST_MATH = YES;
				SDKROOT = iphoneos;
				SWIFT_COMPILATION_MODE = wholemodule;
				SWIFT_OPTIMIZATION_LEVEL = "-O";
				VALIDATE_PRODUCT = YES;
			};
			name = Release;
		};
		BD86F5A428074D0C0009FC29 /* Debug */ = {
			isa = XCBuildConfiguration;
			baseConfigurationReference = 45C69A75E4D00F2F178466D3 /* Pods-walletAppUIKit.debug.xcconfig */;
			buildSettings = {
				ASSETCATALOG_COMPILER_APPICON_NAME = AppIcon;
				ASSETCATALOG_COMPILER_GLOBAL_ACCENT_COLOR_NAME = AccentColor;
				CODE_SIGN_STYLE = Automatic;
				CURRENT_PROJECT_VERSION = 1;
				DEVELOPMENT_TEAM = YPXDVQFQ53;
				GENERATE_INFOPLIST_FILE = YES;
				INFOPLIST_FILE = walletAppUIKit/Info.plist;
				INFOPLIST_KEY_UIApplicationSupportsIndirectInputEvents = YES;
				INFOPLIST_KEY_UILaunchStoryboardName = LaunchScreen;
				INFOPLIST_KEY_UIMainStoryboardFile = Main;
				INFOPLIST_KEY_UISupportedInterfaceOrientations_iPad = "UIInterfaceOrientationPortrait UIInterfaceOrientationPortraitUpsideDown UIInterfaceOrientationLandscapeLeft UIInterfaceOrientationLandscapeRight";
				INFOPLIST_KEY_UISupportedInterfaceOrientations_iPhone = "UIInterfaceOrientationPortrait UIInterfaceOrientationLandscapeLeft UIInterfaceOrientationLandscapeRight";
				LD_RUNPATH_SEARCH_PATHS = (
					"$(inherited)",
					"@executable_path/Frameworks",
				);
				MARKETING_VERSION = 1.0;
				PRODUCT_BUNDLE_IDENTIFIER = fedir72.walletAppUIKit;
				PRODUCT_NAME = "$(TARGET_NAME)";
				SWIFT_EMIT_LOC_STRINGS = YES;
				SWIFT_VERSION = 5.0;
				TARGETED_DEVICE_FAMILY = "1,2";
			};
			name = Debug;
		};
		BD86F5A528074D0C0009FC29 /* Release */ = {
			isa = XCBuildConfiguration;
			baseConfigurationReference = 0308076B49A259C76CD45F5F /* Pods-walletAppUIKit.release.xcconfig */;
			buildSettings = {
				ASSETCATALOG_COMPILER_APPICON_NAME = AppIcon;
				ASSETCATALOG_COMPILER_GLOBAL_ACCENT_COLOR_NAME = AccentColor;
				CODE_SIGN_STYLE = Automatic;
				CURRENT_PROJECT_VERSION = 1;
				DEVELOPMENT_TEAM = YPXDVQFQ53;
				GENERATE_INFOPLIST_FILE = YES;
				INFOPLIST_FILE = walletAppUIKit/Info.plist;
				INFOPLIST_KEY_UIApplicationSupportsIndirectInputEvents = YES;
				INFOPLIST_KEY_UILaunchStoryboardName = LaunchScreen;
				INFOPLIST_KEY_UIMainStoryboardFile = Main;
				INFOPLIST_KEY_UISupportedInterfaceOrientations_iPad = "UIInterfaceOrientationPortrait UIInterfaceOrientationPortraitUpsideDown UIInterfaceOrientationLandscapeLeft UIInterfaceOrientationLandscapeRight";
				INFOPLIST_KEY_UISupportedInterfaceOrientations_iPhone = "UIInterfaceOrientationPortrait UIInterfaceOrientationLandscapeLeft UIInterfaceOrientationLandscapeRight";
				LD_RUNPATH_SEARCH_PATHS = (
					"$(inherited)",
					"@executable_path/Frameworks",
				);
				MARKETING_VERSION = 1.0;
				PRODUCT_BUNDLE_IDENTIFIER = fedir72.walletAppUIKit;
				PRODUCT_NAME = "$(TARGET_NAME)";
				SWIFT_EMIT_LOC_STRINGS = YES;
				SWIFT_VERSION = 5.0;
				TARGETED_DEVICE_FAMILY = "1,2";
			};
			name = Release;
		};
/* End XCBuildConfiguration section */

/* Begin XCConfigurationList section */
		BD86F58A28074D0B0009FC29 /* Build configuration list for PBXProject "walletAppUIKit" */ = {
			isa = XCConfigurationList;
			buildConfigurations = (
				BD86F5A128074D0C0009FC29 /* Debug */,
				BD86F5A228074D0C0009FC29 /* Release */,
			);
			defaultConfigurationIsVisible = 0;
			defaultConfigurationName = Release;
		};
		BD86F5A328074D0C0009FC29 /* Build configuration list for PBXNativeTarget "walletAppUIKit" */ = {
			isa = XCConfigurationList;
			buildConfigurations = (
				BD86F5A428074D0C0009FC29 /* Debug */,
				BD86F5A528074D0C0009FC29 /* Release */,
			);
			defaultConfigurationIsVisible = 0;
			defaultConfigurationName = Release;
		};
/* End XCConfigurationList section */
	};
	rootObject = BD86F58728074D0B0009FC29 /* Project object */;
}
